
Microsoft Visual Studio Solution File, Format Version 12.00
# Visual Studio Version 16
VisualStudioVersion = 16.0.30114.105
MinimumVisualStudioVersion = 10.0.40219.1
Project("{8BC9CEB8-8B4A-11D0-8D11-00A0C91BC942}") = "p2", "p2.vcxproj", "{B1E567D8-FFF5-4B8E-8A90-5A7439C72109}"
EndProject
Global
	GlobalSection(SolutionConfigurationPlatforms) = preSolution
		Debug|x64 = Debug|x64
		Debug|x86 = Debug|x86
		Release|x64 = Release|x64
		Release|x86 = Release|x86
	EndGlobalSection
	GlobalSection(ProjectConfigurationPlatforms) = postSolution
		{B1E567D8-FFF5-4B8E-8A90-5A7439C72109}.Debug|x64.ActiveCfg = Debug|x64
		{B1E567D8-FFF5-4B8E-8A90-5A7439C72109}.Debug|x64.Build.0 = Debug|x64
		{B1E567D8-FFF5-4B8E-8A90-5A7439C72109}.Debug|x86.ActiveCfg = Debug|Win32
		{B1E567D8-FFF5-4B8E-8A90-5A7439C72109}.Debug|x86.Build.0 = Debug|Win32
		{B1E567D8-FFF5-4B8E-8A90-5A7439C72109}.Release|x64.ActiveCfg = Release|x64
		{B1E567D8-FFF5-4B8E-8A90-5A7439C72109}.Release|x64.Build.0 = Release|x64
		{B1E567D8-FFF5-4B8E-8A90-5A7439C72109}.Release|x86.ActiveCfg = Release|Win32
		{B1E567D8-FFF5-4B8E-8A90-5A7439C72109}.Release|x86.Build.0 = Release|Win32
	EndGlobalSection
	GlobalSection(SolutionProperties) = preSolution
		HideSolutionNode = FALSE
	EndGlobalSection
	GlobalSection(ExtensibilityGlobals) = postSolution
		SolutionGuid = {20451661-A43A-47AE-821A-DBCC1739DF28}
	EndGlobalSection
EndGlobal
